
Microsoft Visual Studio Solution File, Format Version 12.00
# Visual Studio Version 16
VisualStudioVersion = 16.0.33328.57
MinimumVisualStudioVersion = 10.0.40219.1
Project("{FAE04EC0-301F-11D3-BF4B-00C04F79EFBC}") = "WpfApp1", "WpfApp1\WpfApp1.csproj", "{BC430FC6-7A6C-49AD-965C-1AF2E6DBBDF0}"
EndProject
Global
	GlobalSection(SolutionConfigurationPlatforms) = preSolution
		Debug|Any CPU = Debug|Any CPU
		Release|Any CPU = Release|Any CPU
	EndGlobalSection
	GlobalSection(ProjectConfigurationPlatforms) = postSolution
		{BC430FC6-7A6C-49AD-965C-1AF2E6DBBDF0}.Debug|Any CPU.ActiveCfg = Debug|Any CPU
		{BC430FC6-7A6C-49AD-965C-1AF2E6DBBDF0}.Debug|Any CPU.Build.0 = Debug|Any CPU
		{BC430FC6-7A6C-49AD-965C-1AF2E6DBBDF0}.Release|Any CPU.ActiveCfg = Release|Any CPU
		{BC430FC6-7A6C-49AD-965C-1AF2E6DBBDF0}.Release|Any CPU.Build.0 = Release|Any CPU
	EndGlobalSection
	GlobalSection(SolutionProperties) = preSolution
		HideSolutionNode = FALSE
	EndGlobalSection
	GlobalSection(ExtensibilityGlobals) = postSolution
		SolutionGuid = {AD8C6A80-D0B3-4C2A-98BB-172203616253}
	EndGlobalSection
EndGlobal
